
Microsoft Visual Studio Solution File, Format Version 12.00
# Visual Studio 15
VisualStudioVersion = 15.0.27703.2035
MinimumVisualStudioVersion = 10.0.40219.1
Project("{FAE04EC0-301F-11D3-BF4B-00C04F79EFBC}") = "SnakesAndLaddersNavico", "SnakesAndLaddersNavico\SnakesAndLaddersNavico.csproj", "{D6A51AFA-EB96-400B-A908-2EEAEA02FCF3}"
EndProject
Global
	GlobalSection(SolutionConfigurationPlatforms) = preSolution
		Debug|Any CPU = Debug|Any CPU
		Release|Any CPU = Release|Any CPU
	EndGlobalSection
	GlobalSection(ProjectConfigurationPlatforms) = postSolution
		{D6A51AFA-EB96-400B-A908-2EEAEA02FCF3}.Debug|Any CPU.ActiveCfg = Debug|Any CPU
		{D6A51AFA-EB96-400B-A908-2EEAEA02FCF3}.Debug|Any CPU.Build.0 = Debug|Any CPU
		{D6A51AFA-EB96-400B-A908-2EEAEA02FCF3}.Release|Any CPU.ActiveCfg = Release|Any CPU
		{D6A51AFA-EB96-400B-A908-2EEAEA02FCF3}.Release|Any CPU.Build.0 = Release|Any CPU
	EndGlobalSection
	GlobalSection(SolutionProperties) = preSolution
		HideSolutionNode = FALSE
	EndGlobalSection
	GlobalSection(ExtensibilityGlobals) = postSolution
		SolutionGuid = {0CCB5967-CAE1-49C8-9952-93E97A6C2C88}
	EndGlobalSection
EndGlobal
